
Microsoft Visual Studio Solution File, Format Version 12.00
# Visual Studio Version 16
VisualStudioVersion = 16.0.30621.155
MinimumVisualStudioVersion = 10.0.40219.1
Project("{FAE04EC0-301F-11D3-BF4B-00C04F79EFBC}") = "ConsumirWebAPI", "ConsumirWebAPI\ConsumirWebAPI.csproj", "{AAD47BD8-CF59-482B-AC3F-A385AC264DF5}"
EndProject
Global
	GlobalSection(SolutionConfigurationPlatforms) = preSolution
		Debug|Any CPU = Debug|Any CPU
		Release|Any CPU = Release|Any CPU
	EndGlobalSection
	GlobalSection(ProjectConfigurationPlatforms) = postSolution
		{AAD47BD8-CF59-482B-AC3F-A385AC264DF5}.Debug|Any CPU.ActiveCfg = Debug|Any CPU
		{AAD47BD8-CF59-482B-AC3F-A385AC264DF5}.Debug|Any CPU.Build.0 = Debug|Any CPU
		{AAD47BD8-CF59-482B-AC3F-A385AC264DF5}.Release|Any CPU.ActiveCfg = Release|Any CPU
		{AAD47BD8-CF59-482B-AC3F-A385AC264DF5}.Release|Any CPU.Build.0 = Release|Any CPU
	EndGlobalSection
	GlobalSection(SolutionProperties) = preSolution
		HideSolutionNode = FALSE
	EndGlobalSection
	GlobalSection(ExtensibilityGlobals) = postSolution
		SolutionGuid = {B5D15320-E1F5-45D9-A2F3-166810E6791C}
	EndGlobalSection
EndGlobal
